// !$*UTF8*$!
{
	archiveVersion = 1;
	classes = {
	};
	objectVersion = 56;
	objects = {

/* Begin PBXBuildFile section */
		AA0100012C00000100000001 /* MinimalistApp.swift in Sources */ = {isa = PBXBuildFile; fileRef = BB0100012C00000100000001 /* MinimalistApp.swift */; };
		AA0100022C00000100000001 /* ContentView.swift in Sources */ = {isa = PBXBuildFile; fileRef = BB0100022C00000100000001 /* ContentView.swift */; };
		AA0100032C00000100000001 /* FavoriteApp.swift in Sources */ = {isa = PBXBuildFile; fileRef = BB0200012C00000100000001 /* FavoriteApp.swift */; };
		AA0100042C00000100000001 /* MinimalistWidgetView.swift in Sources */ = {isa = PBXBuildFile; fileRef = BB0200032C00000100000001 /* MinimalistWidgetView.swift */; };
		AA0200012C00000100000001 /* MinimalistWidgetBundle.swift in Sources */ = {isa = PBXBuildFile; fileRef = BB0200042C00000100000001 /* MinimalistWidgetBundle.swift */; };
		AA0200022C00000100000001 /* MinimalistWidget.swift in Sources */ = {isa = PBXBuildFile; fileRef = BB0200022C00000100000001 /* MinimalistWidget.swift */; };
		AA0200032C00000100000001 /* MinimalistWidgetView.swift in Sources */ = {isa = PBXBuildFile; fileRef = BB0200032C00000100000001 /* MinimalistWidgetView.swift */; };
		AA0200042C00000100000001 /* FavoriteApp.swift in Sources */ = {isa = PBXBuildFile; fileRef = BB0200012C00000100000001 /* FavoriteApp.swift */; };
		AA0100052C00000100000001 /* SelectFavoritesIntent.swift in Sources */ = {isa = PBXBuildFile; fileRef = BB0200072C00000100000001 /* SelectFavoritesIntent.swift */; };
		AA0100062C00000100000001 /* MindfulPauseView.swift in Sources */ = {isa = PBXBuildFile; fileRef = BB0100042C00000100000001 /* MindfulPauseView.swift */; };
		AA0100072C00000100000001 /* InterventionManager.swift in Sources */ = {isa = PBXBuildFile; fileRef = BB0100052C00000100000001 /* InterventionManager.swift */; };
		AA0100082C00000100000001 /* TimeWastingApps.swift in Sources */ = {isa = PBXBuildFile; fileRef = BB0200082C00000100000001 /* TimeWastingApps.swift */; };
		AA0100092C00000100000001 /* MindfulQuote.swift in Sources */ = {isa = PBXBuildFile; fileRef = BB0200092C00000100000001 /* MindfulQuote.swift */; };
		AA0200052C00000100000001 /* MinimalistAppIntent.swift in Sources */ = {isa = PBXBuildFile; fileRef = BB0200052C00000100000001 /* MinimalistAppIntent.swift */; };
		AA0200062C00000100000001 /* SelectFavoritesIntent.swift in Sources */ = {isa = PBXBuildFile; fileRef = BB0200072C00000100000001 /* SelectFavoritesIntent.swift */; };
		AA0200072C00000100000001 /* TimeWastingApps.swift in Sources */ = {isa = PBXBuildFile; fileRef = BB0200082C00000100000001 /* TimeWastingApps.swift */; };
		AA0200082C00000100000001 /* MindfulQuote.swift in Sources */ = {isa = PBXBuildFile; fileRef = BB0200092C00000100000001 /* MindfulQuote.swift */; };
		AA0200092C00000100000001 /* MinimalistQuoteWidget.swift in Sources */ = {isa = PBXBuildFile; fileRef = BB0200102C00000100000001 /* MinimalistQuoteWidget.swift */; };
		AA0300012C00000100000001 /* MinimalistWidgetExtension.appex in Embed App Extensions */ = {isa = PBXBuildFile; fileRef = CC0200012C00000100000001 /* MinimalistWidgetExtension.appex */; settings = {ATTRIBUTES = (RemoveHeadersOnCopy, ); }; };
/* End PBXBuildFile section */

/* Begin PBXContainerItemProxy section */
		DD0100012C00000100000001 /* PBXContainerItemProxy */ = {
			isa = PBXContainerItemProxy;
			containerPortal = 000100012C00000100000001 /* Project object */;
			proxyType = 1;
			remoteGlobalIDString = CC0200002C00000100000001;
			remoteInfo = MinimalistWidgetExtension;
		};
/* End PBXContainerItemProxy section */

/* Begin PBXCopyFilesBuildPhase section */
		EE0100012C00000100000001 /* Embed App Extensions */ = {
			isa = PBXCopyFilesBuildPhase;
			buildActionMask = 2147483647;
			dstPath = "";
			dstSubfolderSpec = 13;
			files = (
				AA0300012C00000100000001 /* MinimalistWidgetExtension.appex in Embed App Extensions */,
			);
			name = "Embed App Extensions";
			runOnlyForDeploymentPostprocessing = 0;
		};
/* End PBXCopyFilesBuildPhase section */

/* Begin PBXFileReference section */
		BB0100012C00000100000001 /* MinimalistApp.swift */ = {isa = PBXFileReference; lastKnownFileType = sourcecode.swift; path = MinimalistApp.swift; sourceTree = "<group>"; };
		BB0100022C00000100000001 /* ContentView.swift */ = {isa = PBXFileReference; lastKnownFileType = sourcecode.swift; path = ContentView.swift; sourceTree = "<group>"; };
		BB0100032C00000100000001 /* Info.plist */ = {isa = PBXFileReference; lastKnownFileType = text.plist.xml; path = Info.plist; sourceTree = "<group>"; };
		BB0100042C00000100000001 /* MindfulPauseView.swift */ = {isa = PBXFileReference; lastKnownFileType = sourcecode.swift; path = MindfulPauseView.swift; sourceTree = "<group>"; };
		BB0100052C00000100000001 /* InterventionManager.swift */ = {isa = PBXFileReference; lastKnownFileType = sourcecode.swift; path = InterventionManager.swift; sourceTree = "<group>"; };
		BB0200012C00000100000001 /* FavoriteApp.swift */ = {isa = PBXFileReference; lastKnownFileType = sourcecode.swift; path = FavoriteApp.swift; sourceTree = "<group>"; };
		BB0200022C00000100000001 /* MinimalistWidget.swift */ = {isa = PBXFileReference; lastKnownFileType = sourcecode.swift; path = MinimalistWidget.swift; sourceTree = "<group>"; };
		BB0200032C00000100000001 /* MinimalistWidgetView.swift */ = {isa = PBXFileReference; lastKnownFileType = sourcecode.swift; path = MinimalistWidgetView.swift; sourceTree = "<group>"; };
		BB0200042C00000100000001 /* MinimalistWidgetBundle.swift */ = {isa = PBXFileReference; lastKnownFileType = sourcecode.swift; path = MinimalistWidgetBundle.swift; sourceTree = "<group>"; };
		BB0200052C00000100000001 /* MinimalistAppIntent.swift */ = {isa = PBXFileReference; lastKnownFileType = sourcecode.swift; path = MinimalistAppIntent.swift; sourceTree = "<group>"; };
		BB0200062C00000100000001 /* Info.plist */ = {isa = PBXFileReference; lastKnownFileType = text.plist.xml; path = Info.plist; sourceTree = "<group>"; };
		BB0200072C00000100000001 /* SelectFavoritesIntent.swift */ = {isa = PBXFileReference; lastKnownFileType = sourcecode.swift; path = SelectFavoritesIntent.swift; sourceTree = "<group>"; };
		BB0200082C00000100000001 /* TimeWastingApps.swift */ = {isa = PBXFileReference; lastKnownFileType = sourcecode.swift; path = TimeWastingApps.swift; sourceTree = "<group>"; };
		BB0200092C00000100000001 /* MindfulQuote.swift */ = {isa = PBXFileReference; lastKnownFileType = sourcecode.swift; path = MindfulQuote.swift; sourceTree = "<group>"; };
		BB0200102C00000100000001 /* MinimalistQuoteWidget.swift */ = {isa = PBXFileReference; lastKnownFileType = sourcecode.swift; path = MinimalistQuoteWidget.swift; sourceTree = "<group>"; };
		CC0100012C00000100000001 /* MinimalistApp.app */ = {isa = PBXFileReference; explicitFileType = wrapper.application; includeInIndex = 0; path = MinimalistApp.app; sourceTree = BUILT_PRODUCTS_DIR; };
		CC0200012C00000100000001 /* MinimalistWidgetExtension.appex */ = {isa = PBXFileReference; explicitFileType = "wrapper.app-extension"; includeInIndex = 0; path = MinimalistWidgetExtension.appex; sourceTree = BUILT_PRODUCTS_DIR; };
/* End PBXFileReference section */

/* Begin PBXFrameworksBuildPhase section */
		FF0100012C00000100000001 /* Frameworks */ = {
			isa = PBXFrameworksBuildPhase;
			buildActionMask = 2147483647;
			files = (
			);
			runOnlyForDeploymentPostprocessing = 0;
		};
		FF0200012C00000100000001 /* Frameworks */ = {
			isa = PBXFrameworksBuildPhase;
			buildActionMask = 2147483647;
			files = (
			);
			runOnlyForDeploymentPostprocessing = 0;
		};
/* End PBXFrameworksBuildPhase section */

/* Begin PBXGroup section */
		000200012C00000100000001 = {
			isa = PBXGroup;
			children = (
				000200022C00000100000001 /* MinimalistApp */,
				000200032C00000100000001 /* MinimalistWidget */,
				000200042C00000100000001 /* Products */,
			);
			sourceTree = "<group>";
		};
		000200022C00000100000001 /* MinimalistApp */ = {
			isa = PBXGroup;
			children = (
				BB0100012C00000100000001 /* MinimalistApp.swift */,
				BB0100022C00000100000001 /* ContentView.swift */,
				BB0100042C00000100000001 /* MindfulPauseView.swift */,
				BB0100052C00000100000001 /* InterventionManager.swift */,
				BB0100032C00000100000001 /* Info.plist */,
			);
			path = MinimalistApp;
			sourceTree = "<group>";
		};
		000200032C00000100000001 /* MinimalistWidget */ = {
			isa = PBXGroup;
			children = (
				BB0200042C00000100000001 /* MinimalistWidgetBundle.swift */,
				BB0200022C00000100000001 /* MinimalistWidget.swift */,
				BB0200032C00000100000001 /* MinimalistWidgetView.swift */,
				BB0200012C00000100000001 /* FavoriteApp.swift */,
				BB0200052C00000100000001 /* MinimalistAppIntent.swift */,
				BB0200072C00000100000001 /* SelectFavoritesIntent.swift */,
				BB0200082C00000100000001 /* TimeWastingApps.swift */,
				BB0200092C00000100000001 /* MindfulQuote.swift */,
				BB0200102C00000100000001 /* MinimalistQuoteWidget.swift */,
				BB0200062C00000100000001 /* Info.plist */,
			);
			path = MinimalistWidget;
			sourceTree = "<group>";
		};
		000200042C00000100000001 /* Products */ = {
			isa = PBXGroup;
			children = (
				CC0100012C00000100000001 /* MinimalistApp.app */,
				CC0200012C00000100000001 /* MinimalistWidgetExtension.appex */,
			);
			name = Products;
			sourceTree = "<group>";
		};
/* End PBXGroup section */

/* Begin PBXNativeTarget section */
		CC0100002C00000100000001 /* MinimalistApp */ = {
			isa = PBXNativeTarget;
			buildConfigurationList = GG0100012C00000100000001 /* Build configuration list for PBXNativeTarget "MinimalistApp" */;
			buildPhases = (
				010100012C00000100000001 /* Sources */,
				FF0100012C00000100000001 /* Frameworks */,
				020100012C00000100000001 /* Resources */,
				EE0100012C00000100000001 /* Embed App Extensions */,
			);
			buildRules = (
			);
			dependencies = (
				DD0200012C00000100000001 /* PBXTargetDependency */,
			);
			name = MinimalistApp;
			productName = MinimalistApp;
			productReference = CC0100012C00000100000001 /* MinimalistApp.app */;
			productType = "com.apple.product-type.application";
		};
		CC0200002C00000100000001 /* MinimalistWidgetExtension */ = {
			isa = PBXNativeTarget;
			buildConfigurationList = GG0200012C00000100000001 /* Build configuration list for PBXNativeTarget "MinimalistWidgetExtension" */;
			buildPhases = (
				010200012C00000100000001 /* Sources */,
				FF0200012C00000100000001 /* Frameworks */,
				020200012C00000100000001 /* Resources */,
			);
			buildRules = (
			);
			dependencies = (
			);
			name = MinimalistWidgetExtension;
			productName = MinimalistWidgetExtension;
			productReference = CC0200012C00000100000001 /* MinimalistWidgetExtension.appex */;
			productType = "com.apple.product-type.app-extension";
		};
/* End PBXNativeTarget section */

/* Begin PBXProject section */
		000100012C00000100000001 /* Project object */ = {
			isa = PBXProject;
			attributes = {
				BuildIndependentTargetsInParallel = 1;
				LastSwiftUpdateCheck = 1500;
				LastUpgradeCheck = 1500;
				TargetAttributes = {
					CC0100002C00000100000001 = {
						CreatedOnToolsVersion = 15.0;
					};
					CC0200002C00000100000001 = {
						CreatedOnToolsVersion = 15.0;
					};
				};
			};
			buildConfigurationList = GG0000012C00000100000001 /* Build configuration list for PBXProject "MinimalistWidget" */;
			compatibilityVersion = "Xcode 14.0";
			developmentRegion = en;
			hasScannedForEncodings = 0;
			knownRegions = (
				en,
				Base,
			);
			mainGroup = 000200012C00000100000001;
			productRefGroup = 000200042C00000100000001 /* Products */;
			projectDirPath = "";
			projectRoot = "";
			targets = (
				CC0100002C00000100000001 /* MinimalistApp */,
				CC0200002C00000100000001 /* MinimalistWidgetExtension */,
			);
		};
/* End PBXProject section */

/* Begin PBXResourcesBuildPhase section */
		020100012C00000100000001 /* Resources */ = {
			isa = PBXResourcesBuildPhase;
			buildActionMask = 2147483647;
			files = (
			);
			runOnlyForDeploymentPostprocessing = 0;
		};
		020200012C00000100000001 /* Resources */ = {
			isa = PBXResourcesBuildPhase;
			buildActionMask = 2147483647;
			files = (
			);
			runOnlyForDeploymentPostprocessing = 0;
		};
/* End PBXResourcesBuildPhase section */

/* Begin PBXSourcesBuildPhase section */
		010100012C00000100000001 /* Sources */ = {
			isa = PBXSourcesBuildPhase;
			buildActionMask = 2147483647;
			files = (
				AA0100012C00000100000001 /* MinimalistApp.swift in Sources */,
				AA0100022C00000100000001 /* ContentView.swift in Sources */,
				AA0100032C00000100000001 /* FavoriteApp.swift in Sources */,
				AA0100042C00000100000001 /* MinimalistWidgetView.swift in Sources */,
				AA0100052C00000100000001 /* SelectFavoritesIntent.swift in Sources */,
				AA0100062C00000100000001 /* MindfulPauseView.swift in Sources */,
				AA0100072C00000100000001 /* InterventionManager.swift in Sources */,
				AA0100082C00000100000001 /* TimeWastingApps.swift in Sources */,
				AA0100092C00000100000001 /* MindfulQuote.swift in Sources */,
			);
			runOnlyForDeploymentPostprocessing = 0;
		};
		010200012C00000100000001 /* Sources */ = {
			isa = PBXSourcesBuildPhase;
			buildActionMask = 2147483647;
			files = (
				AA0200012C00000100000001 /* MinimalistWidgetBundle.swift in Sources */,
				AA0200022C00000100000001 /* MinimalistWidget.swift in Sources */,
				AA0200032C00000100000001 /* MinimalistWidgetView.swift in Sources */,
				AA0200042C00000100000001 /* FavoriteApp.swift in Sources */,
				AA0200052C00000100000001 /* MinimalistAppIntent.swift in Sources */,
				AA0200062C00000100000001 /* SelectFavoritesIntent.swift in Sources */,
				AA0200072C00000100000001 /* TimeWastingApps.swift in Sources */,
				AA0200082C00000100000001 /* MindfulQuote.swift in Sources */,
				AA0200092C00000100000001 /* MinimalistQuoteWidget.swift in Sources */,
			);
			runOnlyForDeploymentPostprocessing = 0;
		};
/* End PBXSourcesBuildPhase section */

/* Begin PBXTargetDependency section */
		DD0200012C00000100000001 /* PBXTargetDependency */ = {
			isa = PBXTargetDependency;
			target = CC0200002C00000100000001 /* MinimalistWidgetExtension */;
			targetProxy = DD0100012C00000100000001 /* PBXContainerItemProxy */;
		};
/* End PBXTargetDependency section */

/* Begin XCBuildConfiguration section */
		HH0000012C00000100000001 /* Debug */ = {
			isa = XCBuildConfiguration;
			buildSettings = {
				ALWAYS_SEARCH_USER_PATHS = NO;
				CLANG_ANALYZER_NONNULL = YES;
				CLANG_CXX_LANGUAGE_STANDARD = "gnu++20";
				CLANG_ENABLE_MODULES = YES;
				CLANG_ENABLE_OBJC_ARC = YES;
				ENABLE_STRICT_OBJC_MSGSEND = YES;
				ENABLE_TESTABILITY = YES;
				GCC_DYNAMIC_NO_PIC = NO;
				GCC_NO_COMMON_BLOCKS = YES;
				GCC_OPTIMIZATION_LEVEL = 0;
				GCC_PREPROCESSOR_DEFINITIONS = (
					"DEBUG=1",
					"$(inherited)",
				);
				IPHONEOS_DEPLOYMENT_TARGET = 17.0;
				MTL_ENABLE_DEBUG_INFO = INCLUDE_SOURCE;
				ONLY_ACTIVE_ARCH = YES;
				SDKROOT = iphoneos;
				SWIFT_ACTIVE_COMPILATION_CONDITIONS = "DEBUG $(inherited)";
				SWIFT_OPTIMIZATION_LEVEL = "-Onone";
				SWIFT_VERSION = 5.0;
			};
			name = Debug;
		};
		HH0000022C00000100000001 /* Release */ = {
			isa = XCBuildConfiguration;
			buildSettings = {
				ALWAYS_SEARCH_USER_PATHS = NO;
				CLANG_ANALYZER_NONNULL = YES;
				CLANG_CXX_LANGUAGE_STANDARD = "gnu++20";
				CLANG_ENABLE_MODULES = YES;
				CLANG_ENABLE_OBJC_ARC = YES;
				ENABLE_NS_ASSERTIONS = NO;
				ENABLE_STRICT_OBJC_MSGSEND = YES;
				GCC_NO_COMMON_BLOCKS = YES;
				IPHONEOS_DEPLOYMENT_TARGET = 17.0;
				MTL_ENABLE_DEBUG_INFO = NO;
				SDKROOT = iphoneos;
				SWIFT_COMPILATION_MODE = wholemodule;
				SWIFT_OPTIMIZATION_LEVEL = "-O";
				SWIFT_VERSION = 5.0;
				VALIDATE_PRODUCT = YES;
			};
			name = Release;
		};
		HH0100012C00000100000001 /* Debug */ = {
			isa = XCBuildConfiguration;
			buildSettings = {
				ASSETCATALOG_COMPILER_APPICON_NAME = AppIcon;
				CODE_SIGN_STYLE = Automatic;
				CURRENT_PROJECT_VERSION = 1;
				GENERATE_INFOPLIST_FILE = NO;
				INFOPLIST_FILE = MinimalistApp/Info.plist;
				INFOPLIST_KEY_CFBundleDisplayName = Minimalist;
				LD_RUNPATH_SEARCH_PATHS = (
					"$(inherited)",
					"@executable_path/Frameworks",
				);
				MARKETING_VERSION = 1.0;
				PRODUCT_BUNDLE_IDENTIFIER = com.example.MinimalistApp;
				PRODUCT_NAME = "$(TARGET_NAME)";
				SWIFT_EMIT_LOC_STRINGS = YES;
				TARGETED_DEVICE_FAMILY = "1,2";
			};
			name = Debug;
		};
		HH0100022C00000100000001 /* Release */ = {
			isa = XCBuildConfiguration;
			buildSettings = {
				ASSETCATALOG_COMPILER_APPICON_NAME = AppIcon;
				CODE_SIGN_STYLE = Automatic;
				CURRENT_PROJECT_VERSION = 1;
				GENERATE_INFOPLIST_FILE = NO;
				INFOPLIST_FILE = MinimalistApp/Info.plist;
				INFOPLIST_KEY_CFBundleDisplayName = Minimalist;
				LD_RUNPATH_SEARCH_PATHS = (
					"$(inherited)",
					"@executable_path/Frameworks",
				);
				MARKETING_VERSION = 1.0;
				PRODUCT_BUNDLE_IDENTIFIER = com.example.MinimalistApp;
				PRODUCT_NAME = "$(TARGET_NAME)";
				SWIFT_EMIT_LOC_STRINGS = YES;
				TARGETED_DEVICE_FAMILY = "1,2";
			};
			name = Release;
		};
		HH0200012C00000100000001 /* Debug */ = {
			isa = XCBuildConfiguration;
			buildSettings = {
				CODE_SIGN_STYLE = Automatic;
				CURRENT_PROJECT_VERSION = 1;
				GENERATE_INFOPLIST_FILE = NO;
				INFOPLIST_FILE = MinimalistWidget/Info.plist;
				INFOPLIST_KEY_CFBundleDisplayName = MinimalistWidget;
				LD_RUNPATH_SEARCH_PATHS = (
					"$(inherited)",
					"@executable_path/Frameworks",
					"@executable_path/../../Frameworks",
				);
				MARKETING_VERSION = 1.0;
				PRODUCT_BUNDLE_IDENTIFIER = com.example.MinimalistApp.MinimalistWidget;
				PRODUCT_NAME = "$(TARGET_NAME)";
				SKIP_INSTALL = YES;
				SWIFT_EMIT_LOC_STRINGS = YES;
				TARGETED_DEVICE_FAMILY = "1,2";
			};
			name = Debug;
		};
		HH0200022C00000100000001 /* Release */ = {
			isa = XCBuildConfiguration;
			buildSettings = {
				CODE_SIGN_STYLE = Automatic;
				CURRENT_PROJECT_VERSION = 1;
				GENERATE_INFOPLIST_FILE = NO;
				INFOPLIST_FILE = MinimalistWidget/Info.plist;
				INFOPLIST_KEY_CFBundleDisplayName = MinimalistWidget;
				LD_RUNPATH_SEARCH_PATHS = (
					"$(inherited)",
					"@executable_path/Frameworks",
					"@executable_path/../../Frameworks",
				);
				MARKETING_VERSION = 1.0;
				PRODUCT_BUNDLE_IDENTIFIER = com.example.MinimalistApp.MinimalistWidget;
				PRODUCT_NAME = "$(TARGET_NAME)";
				SKIP_INSTALL = YES;
				SWIFT_EMIT_LOC_STRINGS = YES;
				TARGETED_DEVICE_FAMILY = "1,2";
			};
			name = Release;
		};
/* End XCBuildConfiguration section */

/* Begin XCConfigurationList section */
		GG0000012C00000100000001 /* Build configuration list for PBXProject "MinimalistWidget" */ = {
			isa = XCConfigurationList;
			buildConfigurations = (
				HH0000012C00000100000001 /* Debug */,
				HH0000022C00000100000001 /* Release */,
			);
			defaultConfigurationIsVisible = 0;
			defaultConfigurationName = Release;
		};
		GG0100012C00000100000001 /* Build configuration list for PBXNativeTarget "MinimalistApp" */ = {
			isa = XCConfigurationList;
			buildConfigurations = (
				HH0100012C00000100000001 /* Debug */,
				HH0100022C00000100000001 /* Release */,
			);
			defaultConfigurationIsVisible = 0;
			defaultConfigurationName = Release;
		};
		GG0200012C00000100000001 /* Build configuration list for PBXNativeTarget "MinimalistWidgetExtension" */ = {
			isa = XCConfigurationList;
			buildConfigurations = (
				HH0200012C00000100000001 /* Debug */,
				HH0200022C00000100000001 /* Release */,
			);
			defaultConfigurationIsVisible = 0;
			defaultConfigurationName = Release;
		};
/* End XCConfigurationList section */

	};
	rootObject = 000100012C00000100000001 /* Project object */;
}
